
Microsoft Visual Studio Solution File, Format Version 12.00
# Visual Studio Version 17
VisualStudioVersion = 17.9.34518.117
MinimumVisualStudioVersion = 10.0.40219.1
Project("{2150E333-8FDC-42A3-9474-1A3956D46DE8}") = "CPlusPlus", "CPlusPlus", "{A0DDD0D4-7CA9-4137-A32A-6474773B0BA8}"
EndProject
Project("{8BC9CEB8-8B4A-11D0-8D11-00A0C91BC942}") = "Engine", "CPlusPlus\Engine\Engine.vcxproj", "{4047B190-A140-4273-9232-4DB613FA2827}"
EndProject
Project("{2150E333-8FDC-42A3-9474-1A3956D46DE8}") = "Tool", "Tool", "{D5CA807F-676A-4601-B3BE-8666A343CC4F}"
EndProject
Project("{8BC9CEB8-8B4A-11D0-8D11-00A0C91BC942}") = "PaperTheater", "CPlusPlus\PaperTheater\PaperTheater.vcxproj", "{11E3E9D1-4C86-4C32-953B-27D966D74A4F}"
EndProject
Project("{9A19103F-16F7-4668-BE54-9A1E7A4F7556}") = "PaperTheaterAid", "Tool\PaperTheaterAid\PaperTheaterAid.csproj", "{B037A36E-7AA6-4DA0-9856-FCA1658CD6F1}"
EndProject
Global
	GlobalSection(SolutionConfigurationPlatforms) = preSolution
		Debug|Any CPU = Debug|Any CPU
		Debug|x64 = Debug|x64
		Debug|x86 = Debug|x86
		Release|Any CPU = Release|Any CPU
		Release|x64 = Release|x64
		Release|x86 = Release|x86
	EndGlobalSection
	GlobalSection(ProjectConfigurationPlatforms) = postSolution
		{4047B190-A140-4273-9232-4DB613FA2827}.Debug|Any CPU.ActiveCfg = Debug|x64
		{4047B190-A140-4273-9232-4DB613FA2827}.Debug|Any CPU.Build.0 = Debug|x64
		{4047B190-A140-4273-9232-4DB613FA2827}.Debug|x64.ActiveCfg = Debug|x64
		{4047B190-A140-4273-9232-4DB613FA2827}.Debug|x64.Build.0 = Debug|x64
		{4047B190-A140-4273-9232-4DB613FA2827}.Debug|x86.ActiveCfg = Debug|Win32
		{4047B190-A140-4273-9232-4DB613FA2827}.Debug|x86.Build.0 = Debug|Win32
		{4047B190-A140-4273-9232-4DB613FA2827}.Release|Any CPU.ActiveCfg = Release|x64
		{4047B190-A140-4273-9232-4DB613FA2827}.Release|Any CPU.Build.0 = Release|x64
		{4047B190-A140-4273-9232-4DB613FA2827}.Release|x64.ActiveCfg = Release|x64
		{4047B190-A140-4273-9232-4DB613FA2827}.Release|x64.Build.0 = Release|x64
		{4047B190-A140-4273-9232-4DB613FA2827}.Release|x86.ActiveCfg = Release|Win32
		{4047B190-A140-4273-9232-4DB613FA2827}.Release|x86.Build.0 = Release|Win32
		{11E3E9D1-4C86-4C32-953B-27D966D74A4F}.Debug|Any CPU.ActiveCfg = Debug|x64
		{11E3E9D1-4C86-4C32-953B-27D966D74A4F}.Debug|Any CPU.Build.0 = Debug|x64
		{11E3E9D1-4C86-4C32-953B-27D966D74A4F}.Debug|x64.ActiveCfg = Debug|x64
		{11E3E9D1-4C86-4C32-953B-27D966D74A4F}.Debug|x64.Build.0 = Debug|x64
		{11E3E9D1-4C86-4C32-953B-27D966D74A4F}.Debug|x86.ActiveCfg = Debug|Win32
		{11E3E9D1-4C86-4C32-953B-27D966D74A4F}.Debug|x86.Build.0 = Debug|Win32
		{11E3E9D1-4C86-4C32-953B-27D966D74A4F}.Release|Any CPU.ActiveCfg = Release|x64
		{11E3E9D1-4C86-4C32-953B-27D966D74A4F}.Release|Any CPU.Build.0 = Release|x64
		{11E3E9D1-4C86-4C32-953B-27D966D74A4F}.Release|x64.ActiveCfg = Release|x64
		{11E3E9D1-4C86-4C32-953B-27D966D74A4F}.Release|x64.Build.0 = Release|x64
		{11E3E9D1-4C86-4C32-953B-27D966D74A4F}.Release|x86.ActiveCfg = Release|Win32
		{11E3E9D1-4C86-4C32-953B-27D966D74A4F}.Release|x86.Build.0 = Release|Win32
		{B037A36E-7AA6-4DA0-9856-FCA1658CD6F1}.Debug|Any CPU.ActiveCfg = Debug|Any CPU
		{B037A36E-7AA6-4DA0-9856-FCA1658CD6F1}.Debug|Any CPU.Build.0 = Debug|Any CPU
		{B037A36E-7AA6-4DA0-9856-FCA1658CD6F1}.Debug|x64.ActiveCfg = Debug|Any CPU
		{B037A36E-7AA6-4DA0-9856-FCA1658CD6F1}.Debug|x64.Build.0 = Debug|Any CPU
		{B037A36E-7AA6-4DA0-9856-FCA1658CD6F1}.Debug|x86.ActiveCfg = Debug|Any CPU
		{B037A36E-7AA6-4DA0-9856-FCA1658CD6F1}.Debug|x86.Build.0 = Debug|Any CPU
		{B037A36E-7AA6-4DA0-9856-FCA1658CD6F1}.Release|Any CPU.ActiveCfg = Release|Any CPU
		{B037A36E-7AA6-4DA0-9856-FCA1658CD6F1}.Release|Any CPU.Build.0 = Release|Any CPU
		{B037A36E-7AA6-4DA0-9856-FCA1658CD6F1}.Release|x64.ActiveCfg = Release|Any CPU
		{B037A36E-7AA6-4DA0-9856-FCA1658CD6F1}.Release|x64.Build.0 = Release|Any CPU
		{B037A36E-7AA6-4DA0-9856-FCA1658CD6F1}.Release|x86.ActiveCfg = Release|Any CPU
		{B037A36E-7AA6-4DA0-9856-FCA1658CD6F1}.Release|x86.Build.0 = Release|Any CPU
	EndGlobalSection
	GlobalSection(SolutionProperties) = preSolution
		HideSolutionNode = FALSE
	EndGlobalSection
	GlobalSection(NestedProjects) = preSolution
		{4047B190-A140-4273-9232-4DB613FA2827} = {A0DDD0D4-7CA9-4137-A32A-6474773B0BA8}
		{11E3E9D1-4C86-4C32-953B-27D966D74A4F} = {A0DDD0D4-7CA9-4137-A32A-6474773B0BA8}
		{B037A36E-7AA6-4DA0-9856-FCA1658CD6F1} = {D5CA807F-676A-4601-B3BE-8666A343CC4F}
	EndGlobalSection
	GlobalSection(ExtensibilityGlobals) = postSolution
		SolutionGuid = {AB5CCE63-03CE-4D27-889A-2EF6D529B996}
	EndGlobalSection
EndGlobal
